// !$*UTF8*$!
{
	archiveVersion = 1;
	classes = {
	};
	objectVersion = 50;
	objects = {

/* Begin PBXBuildFile section */
		F4674FDD22D1E116004B8520 /* TimerNode.swift in Sources */ = {isa = PBXBuildFile; fileRef = F4674FDC22D1E116004B8520 /* TimerNode.swift */; };
		F48B30EA22CCC54900646B54 /* AppDelegate.swift in Sources */ = {isa = PBXBuildFile; fileRef = F48B30E922CCC54900646B54 /* AppDelegate.swift */; };
		F48B30F022CCC54900646B54 /* ParentGateControlScene.swift in Sources */ = {isa = PBXBuildFile; fileRef = F48B30EF22CCC54900646B54 /* ParentGateControlScene.swift */; };
		F48B30F222CCC54900646B54 /* ViewController.swift in Sources */ = {isa = PBXBuildFile; fileRef = F48B30F122CCC54900646B54 /* ViewController.swift */; };
		F48B30F722CCC54D00646B54 /* Assets.xcassets in Resources */ = {isa = PBXBuildFile; fileRef = F48B30F622CCC54D00646B54 /* Assets.xcassets */; };
		F48B30FA22CCC54D00646B54 /* LaunchScreen.storyboard in Resources */ = {isa = PBXBuildFile; fileRef = F48B30F822CCC54D00646B54 /* LaunchScreen.storyboard */; };
		F48B310422CCC6C500646B54 /* UIScene.swift in Sources */ = {isa = PBXBuildFile; fileRef = F48B310322CCC6C500646B54 /* UIScene.swift */; };
		F48B310E22CD956900646B54 /* ParentGateNode.swift in Sources */ = {isa = PBXBuildFile; fileRef = F48B310C22CD956900646B54 /* ParentGateNode.swift */; };
		F48B310F22CD956900646B54 /* ButtonNode.swift in Sources */ = {isa = PBXBuildFile; fileRef = F48B310D22CD956900646B54 /* ButtonNode.swift */; };
/* End PBXBuildFile section */

/* Begin PBXFileReference section */
		F4674FDC22D1E116004B8520 /* TimerNode.swift */ = {isa = PBXFileReference; fileEncoding = 4; lastKnownFileType = sourcecode.swift; name = TimerNode.swift; path = ../../../_Classes/SpriteKitUI/TimerNode.swift; sourceTree = "<group>"; };
		F48B30E622CCC54900646B54 /* ParentControlExample.app */ = {isa = PBXFileReference; explicitFileType = wrapper.application; includeInIndex = 0; path = ParentControlExample.app; sourceTree = BUILT_PRODUCTS_DIR; };
		F48B30E922CCC54900646B54 /* AppDelegate.swift */ = {isa = PBXFileReference; lastKnownFileType = sourcecode.swift; path = AppDelegate.swift; sourceTree = "<group>"; };
		F48B30EF22CCC54900646B54 /* ParentGateControlScene.swift */ = {isa = PBXFileReference; lastKnownFileType = sourcecode.swift; path = ParentGateControlScene.swift; sourceTree = "<group>"; };
		F48B30F122CCC54900646B54 /* ViewController.swift */ = {isa = PBXFileReference; lastKnownFileType = sourcecode.swift; path = ViewController.swift; sourceTree = "<group>"; };
		F48B30F622CCC54D00646B54 /* Assets.xcassets */ = {isa = PBXFileReference; lastKnownFileType = folder.assetcatalog; path = Assets.xcassets; sourceTree = "<group>"; };
		F48B30F922CCC54D00646B54 /* Base */ = {isa = PBXFileReference; lastKnownFileType = file.storyboard; name = Base; path = Base.lproj/LaunchScreen.storyboard; sourceTree = "<group>"; };
		F48B30FB22CCC54D00646B54 /* Info.plist */ = {isa = PBXFileReference; lastKnownFileType = text.plist.xml; path = Info.plist; sourceTree = "<group>"; };
		F48B310322CCC6C500646B54 /* UIScene.swift */ = {isa = PBXFileReference; fileEncoding = 4; lastKnownFileType = sourcecode.swift; path = UIScene.swift; sourceTree = "<group>"; };
		F48B310C22CD956900646B54 /* ParentGateNode.swift */ = {isa = PBXFileReference; fileEncoding = 4; lastKnownFileType = sourcecode.swift; name = ParentGateNode.swift; path = ../../../_Classes/SpriteKitUI/ParentGateNode.swift; sourceTree = "<group>"; };
		F48B310D22CD956900646B54 /* ButtonNode.swift */ = {isa = PBXFileReference; fileEncoding = 4; lastKnownFileType = sourcecode.swift; name = ButtonNode.swift; path = ../../../_Classes/SpriteKitUI/ButtonNode.swift; sourceTree = "<group>"; };
/* End PBXFileReference section */

/* Begin PBXFrameworksBuildPhase section */
		F48B30E322CCC54900646B54 /* Frameworks */ = {
			isa = PBXFrameworksBuildPhase;
			buildActionMask = 2147483647;
			files = (
			);
			runOnlyForDeploymentPostprocessing = 0;
		};
/* End PBXFrameworksBuildPhase section */

/* Begin PBXGroup section */
		F48B30DD22CCC54900646B54 = {
			isa = PBXGroup;
			children = (
				F48B30E822CCC54900646B54 /* ParentControlExample */,
				F48B30E722CCC54900646B54 /* Products */,
			);
			sourceTree = "<group>";
		};
		F48B30E722CCC54900646B54 /* Products */ = {
			isa = PBXGroup;
			children = (
				F48B30E622CCC54900646B54 /* ParentControlExample.app */,
			);
			name = Products;
			sourceTree = "<group>";
		};
		F48B30E822CCC54900646B54 /* ParentControlExample */ = {
			isa = PBXGroup;
			children = (
				F48B310122CCC59600646B54 /* Assets */,
				F48B310522CCCD5E00646B54 /* Classes */,
				F48B310222CCC6A900646B54 /* Scenes */,
				F48B30F122CCC54900646B54 /* ViewController.swift */,
				F48B30E922CCC54900646B54 /* AppDelegate.swift */,
			);
			path = ParentControlExample;
			sourceTree = "<group>";
		};
		F48B310122CCC59600646B54 /* Assets */ = {
			isa = PBXGroup;
			children = (
				F48B30F622CCC54D00646B54 /* Assets.xcassets */,
				F48B30F822CCC54D00646B54 /* LaunchScreen.storyboard */,
				F48B30FB22CCC54D00646B54 /* Info.plist */,
			);
			path = Assets;
			sourceTree = "<group>";
		};
		F48B310222CCC6A900646B54 /* Scenes */ = {
			isa = PBXGroup;
			children = (
				F48B310322CCC6C500646B54 /* UIScene.swift */,
				F48B30EF22CCC54900646B54 /* ParentGateControlScene.swift */,
			);
			path = Scenes;
			sourceTree = "<group>";
		};
		F48B310522CCCD5E00646B54 /* Classes */ = {
			isa = PBXGroup;
			children = (
				F4674FDC22D1E116004B8520 /* TimerNode.swift */,
				F48B310D22CD956900646B54 /* ButtonNode.swift */,
				F48B310C22CD956900646B54 /* ParentGateNode.swift */,
			);
			path = Classes;
			sourceTree = "<group>";
		};
/* End PBXGroup section */

/* Begin PBXNativeTarget section */
		F48B30E522CCC54900646B54 /* ParentControlExample */ = {
			isa = PBXNativeTarget;
			buildConfigurationList = F48B30FE22CCC54D00646B54 /* Build configuration list for PBXNativeTarget "ParentControlExample" */;
			buildPhases = (
				F48B30E222CCC54900646B54 /* Sources */,
				F48B30E322CCC54900646B54 /* Frameworks */,
				F48B30E422CCC54900646B54 /* Resources */,
			);
			buildRules = (
			);
			dependencies = (
			);
			name = ParentControlExample;
			productName = ParentControlExample;
			productReference = F48B30E622CCC54900646B54 /* ParentControlExample.app */;
			productType = "com.apple.product-type.application";
		};
/* End PBXNativeTarget section */

/* Begin PBXProject section */
		F48B30DE22CCC54900646B54 /* Project object */ = {
			isa = PBXProject;
			attributes = {
				LastSwiftUpdateCheck = 1020;
				LastUpgradeCheck = 1020;
				ORGANIZATIONNAME = NoStoryboardAtAll;
				TargetAttributes = {
					F48B30E522CCC54900646B54 = {
						CreatedOnToolsVersion = 10.2.1;
					};
				};
			};
			buildConfigurationList = F48B30E122CCC54900646B54 /* Build configuration list for PBXProject "ParentControlExample" */;
			compatibilityVersion = "Xcode 9.3";
			developmentRegion = en;
			hasScannedForEncodings = 0;
			knownRegions = (
				en,
				Base,
			);
			mainGroup = F48B30DD22CCC54900646B54;
			productRefGroup = F48B30E722CCC54900646B54 /* Products */;
			projectDirPath = "";
			projectRoot = "";
			targets = (
				F48B30E522CCC54900646B54 /* ParentControlExample */,
			);
		};
/* End PBXProject section */

/* Begin PBXResourcesBuildPhase section */
		F48B30E422CCC54900646B54 /* Resources */ = {
			isa = PBXResourcesBuildPhase;
			buildActionMask = 2147483647;
			files = (
				F48B30F722CCC54D00646B54 /* Assets.xcassets in Resources */,
				F48B30FA22CCC54D00646B54 /* LaunchScreen.storyboard in Resources */,
			);
			runOnlyForDeploymentPostprocessing = 0;
		};
/* End PBXResourcesBuildPhase section */

/* Begin PBXSourcesBuildPhase section */
		F48B30E222CCC54900646B54 /* Sources */ = {
			isa = PBXSourcesBuildPhase;
			buildActionMask = 2147483647;
			files = (
				F48B310E22CD956900646B54 /* ParentGateNode.swift in Sources */,
				F48B30F022CCC54900646B54 /* ParentGateControlScene.swift in Sources */,
				F4674FDD22D1E116004B8520 /* TimerNode.swift in Sources */,
				F48B30F222CCC54900646B54 /* ViewController.swift in Sources */,
				F48B30EA22CCC54900646B54 /* AppDelegate.swift in Sources */,
				F48B310422CCC6C500646B54 /* UIScene.swift in Sources */,
				F48B310F22CD956900646B54 /* ButtonNode.swift in Sources */,
			);
			runOnlyForDeploymentPostprocessing = 0;
		};
/* End PBXSourcesBuildPhase section */

/* Begin PBXVariantGroup section */
		F48B30F822CCC54D00646B54 /* LaunchScreen.storyboard */ = {
			isa = PBXVariantGroup;
			children = (
				F48B30F922CCC54D00646B54 /* Base */,
			);
			name = LaunchScreen.storyboard;
			sourceTree = "<group>";
		};
/* End PBXVariantGroup section */

/* Begin XCBuildConfiguration section */
		F48B30FC22CCC54D00646B54 /* Debug */ = {
			isa = XCBuildConfiguration;
			buildSettings = {
				ALWAYS_SEARCH_USER_PATHS = NO;
				CLANG_ANALYZER_NONNULL = YES;
				CLANG_ANALYZER_NUMBER_OBJECT_CONVERSION = YES_AGGRESSIVE;
				CLANG_CXX_LANGUAGE_STANDARD = "gnu++14";
				CLANG_CXX_LIBRARY = "libc++";
				CLANG_ENABLE_MODULES = YES;
				CLANG_ENABLE_OBJC_ARC = YES;
				CLANG_ENABLE_OBJC_WEAK = YES;
				CLANG_WARN_BLOCK_CAPTURE_AUTORELEASING = YES;
				CLANG_WARN_BOOL_CONVERSION = YES;
				CLANG_WARN_COMMA = YES;
				CLANG_WARN_CONSTANT_CONVERSION = YES;
				CLANG_WARN_DEPRECATED_OBJC_IMPLEMENTATIONS = YES;
				CLANG_WARN_DIRECT_OBJC_ISA_USAGE = YES_ERROR;
				CLANG_WARN_DOCUMENTATION_COMMENTS = YES;
				CLANG_WARN_EMPTY_BODY = YES;
				CLANG_WARN_ENUM_CONVERSION = YES;
				CLANG_WARN_INFINITE_RECURSION = YES;
				CLANG_WARN_INT_CONVERSION = YES;
				CLANG_WARN_NON_LITERAL_NULL_CONVERSION = YES;
				CLANG_WARN_OBJC_IMPLICIT_RETAIN_SELF = YES;
				CLANG_WARN_OBJC_LITERAL_CONVERSION = YES;
				CLANG_WARN_OBJC_ROOT_CLASS = YES_ERROR;
				CLANG_WARN_RANGE_LOOP_ANALYSIS = YES;
				CLANG_WARN_STRICT_PROTOTYPES = YES;
				CLANG_WARN_SUSPICIOUS_MOVE = YES;
				CLANG_WARN_UNGUARDED_AVAILABILITY = YES_AGGRESSIVE;
				CLANG_WARN_UNREACHABLE_CODE = YES;
				CLANG_WARN__DUPLICATE_METHOD_MATCH = YES;
				CODE_SIGN_IDENTITY = "iPhone Developer";
				COPY_PHASE_STRIP = NO;
				DEBUG_INFORMATION_FORMAT = dwarf;
				ENABLE_STRICT_OBJC_MSGSEND = YES;
				ENABLE_TESTABILITY = YES;
				GCC_C_LANGUAGE_STANDARD = gnu11;
				GCC_DYNAMIC_NO_PIC = NO;
				GCC_NO_COMMON_BLOCKS = YES;
				GCC_OPTIMIZATION_LEVEL = 0;
				GCC_PREPROCESSOR_DEFINITIONS = (
					"DEBUG=1",
					"$(inherited)",
				);
				GCC_WARN_64_TO_32_BIT_CONVERSION = YES;
				GCC_WARN_ABOUT_RETURN_TYPE = YES_ERROR;
				GCC_WARN_UNDECLARED_SELECTOR = YES;
				GCC_WARN_UNINITIALIZED_AUTOS = YES_AGGRESSIVE;
				GCC_WARN_UNUSED_FUNCTION = YES;
				GCC_WARN_UNUSED_VARIABLE = YES;
				IPHONEOS_DEPLOYMENT_TARGET = 12.2;
				MTL_ENABLE_DEBUG_INFO = INCLUDE_SOURCE;
				MTL_FAST_MATH = YES;
				ONLY_ACTIVE_ARCH = YES;
				SDKROOT = iphoneos;
				SWIFT_ACTIVE_COMPILATION_CONDITIONS = DEBUG;
				SWIFT_OPTIMIZATION_LEVEL = "-Onone";
			};
			name = Debug;
		};
		F48B30FD22CCC54D00646B54 /* Release */ = {
			isa = XCBuildConfiguration;
			buildSettings = {
				ALWAYS_SEARCH_USER_PATHS = NO;
				CLANG_ANALYZER_NONNULL = YES;
				CLANG_ANALYZER_NUMBER_OBJECT_CONVERSION = YES_AGGRESSIVE;
				CLANG_CXX_LANGUAGE_STANDARD = "gnu++14";
				CLANG_CXX_LIBRARY = "libc++";
				CLANG_ENABLE_MODULES = YES;
				CLANG_ENABLE_OBJC_ARC = YES;
				CLANG_ENABLE_OBJC_WEAK = YES;
				CLANG_WARN_BLOCK_CAPTURE_AUTORELEASING = YES;
				CLANG_WARN_BOOL_CONVERSION = YES;
				CLANG_WARN_COMMA = YES;
				CLANG_WARN_CONSTANT_CONVERSION = YES;
				CLANG_WARN_DEPRECATED_OBJC_IMPLEMENTATIONS = YES;
				CLANG_WARN_DIRECT_OBJC_ISA_USAGE = YES_ERROR;
				CLANG_WARN_DOCUMENTATION_COMMENTS = YES;
				CLANG_WARN_EMPTY_BODY = YES;
				CLANG_WARN_ENUM_CONVERSION = YES;
				CLANG_WARN_INFINITE_RECURSION = YES;
				CLANG_WARN_INT_CONVERSION = YES;
				CLANG_WARN_NON_LITERAL_NULL_CONVERSION = YES;
				CLANG_WARN_OBJC_IMPLICIT_RETAIN_SELF = YES;
				CLANG_WARN_OBJC_LITERAL_CONVERSION = YES;
				CLANG_WARN_OBJC_ROOT_CLASS = YES_ERROR;
				CLANG_WARN_RANGE_LOOP_ANALYSIS = YES;
				CLANG_WARN_STRICT_PROTOTYPES = YES;
				CLANG_WARN_SUSPICIOUS_MOVE = YES;
				CLANG_WARN_UNGUARDED_AVAILABILITY = YES_AGGRESSIVE;
				CLANG_WARN_UNREACHABLE_CODE = YES;
				CLANG_WARN__DUPLICATE_METHOD_MATCH = YES;
				CODE_SIGN_IDENTITY = "iPhone Developer";
				COPY_PHASE_STRIP = NO;
				DEBUG_INFORMATION_FORMAT = "dwarf-with-dsym";
				ENABLE_NS_ASSERTIONS = NO;
				ENABLE_STRICT_OBJC_MSGSEND = YES;
				GCC_C_LANGUAGE_STANDARD = gnu11;
				GCC_NO_COMMON_BLOCKS = YES;
				GCC_WARN_64_TO_32_BIT_CONVERSION = YES;
				GCC_WARN_ABOUT_RETURN_TYPE = YES_ERROR;
				GCC_WARN_UNDECLARED_SELECTOR = YES;
				GCC_WARN_UNINITIALIZED_AUTOS = YES_AGGRESSIVE;
				GCC_WARN_UNUSED_FUNCTION = YES;
				GCC_WARN_UNUSED_VARIABLE = YES;
				IPHONEOS_DEPLOYMENT_TARGET = 12.2;
				MTL_ENABLE_DEBUG_INFO = NO;
				MTL_FAST_MATH = YES;
				SDKROOT = iphoneos;
				SWIFT_COMPILATION_MODE = wholemodule;
				SWIFT_OPTIMIZATION_LEVEL = "-O";
				VALIDATE_PRODUCT = YES;
			};
			name = Release;
		};
		F48B30FF22CCC54D00646B54 /* Debug */ = {
			isa = XCBuildConfiguration;
			buildSettings = {
				ASSETCATALOG_COMPILER_APPICON_NAME = AppIcon;
				CODE_SIGN_STYLE = Automatic;
				DEVELOPMENT_TEAM = 854RZUE99L;
				INFOPLIST_FILE = "$(SRCROOT)/ParentControlExample/Assets/Info.plist";
				IPHONEOS_DEPLOYMENT_TARGET = 11.0;
				LD_RUNPATH_SEARCH_PATHS = (
					"$(inherited)",
					"@executable_path/Frameworks",
				);
				PRODUCT_BUNDLE_IDENTIFIER = com.nostoryboardatall.ParentControlExample;
				PRODUCT_NAME = "$(TARGET_NAME)";
				SWIFT_VERSION = 5.0;
				TARGETED_DEVICE_FAMILY = "1,2";
			};
			name = Debug;
		};
		F48B310022CCC54D00646B54 /* Release */ = {
			isa = XCBuildConfiguration;
			buildSettings = {
				ASSETCATALOG_COMPILER_APPICON_NAME = AppIcon;
				CODE_SIGN_STYLE = Automatic;
				DEVELOPMENT_TEAM = 854RZUE99L;
				INFOPLIST_FILE = "$(SRCROOT)/ParentControlExample/Assets/Info.plist";
				IPHONEOS_DEPLOYMENT_TARGET = 11.0;
				LD_RUNPATH_SEARCH_PATHS = (
					"$(inherited)",
					"@executable_path/Frameworks",
				);
				PRODUCT_BUNDLE_IDENTIFIER = com.nostoryboardatall.ParentControlExample;
				PRODUCT_NAME = "$(TARGET_NAME)";
				SWIFT_VERSION = 5.0;
				TARGETED_DEVICE_FAMILY = "1,2";
			};
			name = Release;
		};
/* End XCBuildConfiguration section */

/* Begin XCConfigurationList section */
		F48B30E122CCC54900646B54 /* Build configuration list for PBXProject "ParentControlExample" */ = {
			isa = XCConfigurationList;
			buildConfigurations = (
				F48B30FC22CCC54D00646B54 /* Debug */,
				F48B30FD22CCC54D00646B54 /* Release */,
			);
			defaultConfigurationIsVisible = 0;
			defaultConfigurationName = Release;
		};
		F48B30FE22CCC54D00646B54 /* Build configuration list for PBXNativeTarget "ParentControlExample" */ = {
			isa = XCConfigurationList;
			buildConfigurations = (
				F48B30FF22CCC54D00646B54 /* Debug */,
				F48B310022CCC54D00646B54 /* Release */,
			);
			defaultConfigurationIsVisible = 0;
			defaultConfigurationName = Release;
		};
/* End XCConfigurationList section */
	};
	rootObject = F48B30DE22CCC54900646B54 /* Project object */;
}
